// !$*UTF8*$!
{
	archiveVersion = 1;
	classes = {
	};
	objectVersion = 46;
	objects = {

/* Begin PBXBuildFile section */
		39B0C5561E030AA700B03721 /* AppDelegate.swift in Sources */ = {isa = PBXBuildFile; fileRef = 39B0C5551E030AA700B03721 /* AppDelegate.swift */; };
		39B0C5581E030AA700B03721 /* ViewController.swift in Sources */ = {isa = PBXBuildFile; fileRef = 39B0C5571E030AA700B03721 /* ViewController.swift */; };
		39B0C55B1E030AA700B03721 /* Main.storyboard in Resources */ = {isa = PBXBuildFile; fileRef = 39B0C5591E030AA700B03721 /* Main.storyboard */; };
		39B0C55D1E030AA700B03721 /* Assets.xcassets in Resources */ = {isa = PBXBuildFile; fileRef = 39B0C55C1E030AA700B03721 /* Assets.xcassets */; };
		39B0C5601E030AA700B03721 /* LaunchScreen.storyboard in Resources */ = {isa = PBXBuildFile; fileRef = 39B0C55E1E030AA700B03721 /* LaunchScreen.storyboard */; };
		65E0DBEB55C5F63FE627C267 /* Pods_SimpleExampleSwift.framework in Frameworks */ = {isa = PBXBuildFile; fileRef = 3E68149CBF43E1B82D839288 /* Pods_SimpleExampleSwift.framework */; };
/* End PBXBuildFile section */

/* Begin PBXFileReference section */
		39B0C5521E030AA700B03721 /* SimpleExampleSwift.app */ = {isa = PBXFileReference; explicitFileType = wrapper.application; includeInIndex = 0; path = SimpleExampleSwift.app; sourceTree = BUILT_PRODUCTS_DIR; };
		39B0C5551E030AA700B03721 /* AppDelegate.swift */ = {isa = PBXFileReference; lastKnownFileType = sourcecode.swift; path = AppDelegate.swift; sourceTree = "<group>"; };
		39B0C5571E030AA700B03721 /* ViewController.swift */ = {isa = PBXFileReference; lastKnownFileType = sourcecode.swift; path = ViewController.swift; sourceTree = "<group>"; };
		39B0C55A1E030AA700B03721 /* Base */ = {isa = PBXFileReference; lastKnownFileType = file.storyboard; name = Base; path = Base.lproj/Main.storyboard; sourceTree = "<group>"; };
		39B0C55C1E030AA700B03721 /* Assets.xcassets */ = {isa = PBXFileReference; lastKnownFileType = folder.assetcatalog; path = Assets.xcassets; sourceTree = "<group>"; };
		39B0C55F1E030AA700B03721 /* Base */ = {isa = PBXFileReference; lastKnownFileType = file.storyboard; name = Base; path = Base.lproj/LaunchScreen.storyboard; sourceTree = "<group>"; };
		39B0C5611E030AA700B03721 /* Info.plist */ = {isa = PBXFileReference; lastKnownFileType = text.plist.xml; path = Info.plist; sourceTree = "<group>"; };
		39B0C5861E03318400B03721 /* SimpleExampleSwift-Bridging-Header.h */ = {isa = PBXFileReference; lastKnownFileType = sourcecode.c.h; path = "SimpleExampleSwift-Bridging-Header.h"; sourceTree = "<group>"; };
		3E68149CBF43E1B82D839288 /* Pods_SimpleExampleSwift.framework */ = {isa = PBXFileReference; explicitFileType = wrapper.framework; includeInIndex = 0; path = Pods_SimpleExampleSwift.framework; sourceTree = BUILT_PRODUCTS_DIR; };
		6080ED9BC96E031A52F0F39A /* Pods-SimpleExampleSwift.debug.xcconfig */ = {isa = PBXFileReference; includeInIndex = 1; lastKnownFileType = text.xcconfig; name = "Pods-SimpleExampleSwift.debug.xcconfig"; path = "Pods/Target Support Files/Pods-SimpleExampleSwift/Pods-SimpleExampleSwift.debug.xcconfig"; sourceTree = "<group>"; };
		D19F494C6E51E1B4D23FBFCA /* Pods-SimpleExampleSwift.release.xcconfig */ = {isa = PBXFileReference; includeInIndex = 1; lastKnownFileType = text.xcconfig; name = "Pods-SimpleExampleSwift.release.xcconfig"; path = "Pods/Target Support Files/Pods-SimpleExampleSwift/Pods-SimpleExampleSwift.release.xcconfig"; sourceTree = "<group>"; };
/* End PBXFileReference section */

/* Begin PBXFrameworksBuildPhase section */
		39B0C54F1E030AA700B03721 /* Frameworks */ = {
			isa = PBXFrameworksBuildPhase;
			buildActionMask = 2147483647;
			files = (
				65E0DBEB55C5F63FE627C267 /* Pods_SimpleExampleSwift.framework in Frameworks */,
			);
			runOnlyForDeploymentPostprocessing = 0;
		};
/* End PBXFrameworksBuildPhase section */

/* Begin PBXGroup section */
		39B0C5491E030AA700B03721 = {
			isa = PBXGroup;
			children = (
				39B0C5541E030AA700B03721 /* SimpleExampleSwift */,
				39B0C5531E030AA700B03721 /* Products */,
				BF550E791A04611DDC05DD45 /* Pods */,
				E1D95DA7215581A7B2DC795D /* Frameworks */,
			);
			sourceTree = "<group>";
		};
		39B0C5531E030AA700B03721 /* Products */ = {
			isa = PBXGroup;
			children = (
				39B0C5521E030AA700B03721 /* SimpleExampleSwift.app */,
			);
			name = Products;
			sourceTree = "<group>";
		};
		39B0C5541E030AA700B03721 /* SimpleExampleSwift */ = {
			isa = PBXGroup;
			children = (
				39B0C5551E030AA700B03721 /* AppDelegate.swift */,
				39B0C5571E030AA700B03721 /* ViewController.swift */,
				39B0C5591E030AA700B03721 /* Main.storyboard */,
				39B0C55C1E030AA700B03721 /* Assets.xcassets */,
				39B0C55E1E030AA700B03721 /* LaunchScreen.storyboard */,
				39B0C5611E030AA700B03721 /* Info.plist */,
				39B0C5861E03318400B03721 /* SimpleExampleSwift-Bridging-Header.h */,
			);
			path = SimpleExampleSwift;
			sourceTree = "<group>";
		};
		BF550E791A04611DDC05DD45 /* Pods */ = {
			isa = PBXGroup;
			children = (
				6080ED9BC96E031A52F0F39A /* Pods-SimpleExampleSwift.debug.xcconfig */,
				D19F494C6E51E1B4D23FBFCA /* Pods-SimpleExampleSwift.release.xcconfig */,
			);
			name = Pods;
			sourceTree = "<group>";
		};
		E1D95DA7215581A7B2DC795D /* Frameworks */ = {
			isa = PBXGroup;
			children = (
				3E68149CBF43E1B82D839288 /* Pods_SimpleExampleSwift.framework */,
			);
			name = Frameworks;
			sourceTree = "<group>";
		};
/* End PBXGroup section */

/* Begin PBXNativeTarget section */
		39B0C5511E030AA700B03721 /* SimpleExampleSwift */ = {
			isa = PBXNativeTarget;
			buildConfigurationList = 39B0C5641E030AA700B03721 /* Build configuration list for PBXNativeTarget "SimpleExampleSwift" */;
			buildPhases = (
				B80019F164594025C221F422 /* [CP] Check Pods Manifest.lock */,
				39B0C54E1E030AA700B03721 /* Sources */,
				39B0C54F1E030AA700B03721 /* Frameworks */,
				39B0C5501E030AA700B03721 /* Resources */,
				557CA48D20A757C52402A6ED /* [CP] Embed Pods Frameworks */,
				EE8D0EF70ABAF07AA964746A /* [CP] Copy Pods Resources */,
				9AFF71D730D9F27BCB5B449E /* Kocomojo Strip Framework Architecture */,
			);
			buildRules = (
			);
			dependencies = (
			);
			name = SimpleExampleSwift;
			productName = SimpleExampleSwift;
			productReference = 39B0C5521E030AA700B03721 /* SimpleExampleSwift.app */;
			productType = "com.apple.product-type.application";
		};
/* End PBXNativeTarget section */

/* Begin PBXProject section */
		39B0C54A1E030AA700B03721 /* Project object */ = {
			isa = PBXProject;
			attributes = {
				LastSwiftUpdateCheck = 0810;
				LastUpgradeCheck = 0810;
				ORGANIZATIONNAME = Kocomojo;
				TargetAttributes = {
					39B0C5511E030AA700B03721 = {
						CreatedOnToolsVersion = 8.1;
						DevelopmentTeam = A3JF9L8K5Q;
						ProvisioningStyle = Automatic;
					};
				};
			};
			buildConfigurationList = 39B0C54D1E030AA700B03721 /* Build configuration list for PBXProject "SimpleExampleSwift" */;
			compatibilityVersion = "Xcode 3.2";
			developmentRegion = English;
			hasScannedForEncodings = 0;
			knownRegions = (
				en,
				Base,
			);
			mainGroup = 39B0C5491E030AA700B03721;
			productRefGroup = 39B0C5531E030AA700B03721 /* Products */;
			projectDirPath = "";
			projectRoot = "";
			targets = (
				39B0C5511E030AA700B03721 /* SimpleExampleSwift */,
			);
		};
/* End PBXProject section */

/* Begin PBXResourcesBuildPhase section */
		39B0C5501E030AA700B03721 /* Resources */ = {
			isa = PBXResourcesBuildPhase;
			buildActionMask = 2147483647;
			files = (
				39B0C5601E030AA700B03721 /* LaunchScreen.storyboard in Resources */,
				39B0C55D1E030AA700B03721 /* Assets.xcassets in Resources */,
				39B0C55B1E030AA700B03721 /* Main.storyboard in Resources */,
			);
			runOnlyForDeploymentPostprocessing = 0;
		};
/* End PBXResourcesBuildPhase section */

/* Begin PBXShellScriptBuildPhase section */
		557CA48D20A757C52402A6ED /* [CP] Embed Pods Frameworks */ = {
			isa = PBXShellScriptBuildPhase;
			buildActionMask = 2147483647;
			files = (
			);
			inputPaths = (
			);
			name = "[CP] Embed Pods Frameworks";
			outputPaths = (
			);
			runOnlyForDeploymentPostprocessing = 0;
			shellPath = /bin/sh;
			shellScript = "\"${SRCROOT}/Pods/Target Support Files/Pods-SimpleExampleSwift/Pods-SimpleExampleSwift-frameworks.sh\"\n";
			showEnvVarsInLog = 0;
		};
		9AFF71D730D9F27BCB5B449E /* Kocomojo Strip Framework Architecture */ = {
			isa = PBXShellScriptBuildPhase;
			buildActionMask = 2147483647;
			files = (
			);
			inputPaths = (
			);
			name = "Kocomojo Strip Framework Architecture";
			outputPaths = (
			);
			runOnlyForDeploymentPostprocessing = 0;
			shellPath = /bin/sh;
			shellScript = "if [ -e \"${BUILT_PRODUCTS_DIR}/${FRAMEWORKS_FOLDER_PATH}/KocomojoSDK.framework/strip-frameworks.sh\" ]; then\nbash \"${BUILT_PRODUCTS_DIR}/${FRAMEWORKS_FOLDER_PATH}/KocomojoSDK.framework/strip-frameworks.sh\"\nfi";
		};
		B80019F164594025C221F422 /* [CP] Check Pods Manifest.lock */ = {
			isa = PBXShellScriptBuildPhase;
			buildActionMask = 2147483647;
			files = (
			);
			inputPaths = (
			);
			name = "[CP] Check Pods Manifest.lock";
			outputPaths = (
			);
			runOnlyForDeploymentPostprocessing = 0;
			shellPath = /bin/sh;
			shellScript = "diff \"${PODS_ROOT}/../Podfile.lock\" \"${PODS_ROOT}/Manifest.lock\" > /dev/null\nif [[ $? != 0 ]] ; then\n    cat << EOM\nerror: The sandbox is not in sync with the Podfile.lock. Run 'pod install' or update your CocoaPods installation.\nEOM\n    exit 1\nfi\n";
			showEnvVarsInLog = 0;
		};
		EE8D0EF70ABAF07AA964746A /* [CP] Copy Pods Resources */ = {
			isa = PBXShellScriptBuildPhase;
			buildActionMask = 2147483647;
			files = (
			);
			inputPaths = (
			);
			name = "[CP] Copy Pods Resources";
			outputPaths = (
			);
			runOnlyForDeploymentPostprocessing = 0;
			shellPath = /bin/sh;
			shellScript = "\"${SRCROOT}/Pods/Target Support Files/Pods-SimpleExampleSwift/Pods-SimpleExampleSwift-resources.sh\"\n";
			showEnvVarsInLog = 0;
		};
/* End PBXShellScriptBuildPhase section */

/* Begin PBXSourcesBuildPhase section */
		39B0C54E1E030AA700B03721 /* Sources */ = {
			isa = PBXSourcesBuildPhase;
			buildActionMask = 2147483647;
			files = (
				39B0C5581E030AA700B03721 /* ViewController.swift in Sources */,
				39B0C5561E030AA700B03721 /* AppDelegate.swift in Sources */,
			);
			runOnlyForDeploymentPostprocessing = 0;
		};
/* End PBXSourcesBuildPhase section */

/* Begin PBXVariantGroup section */
		39B0C5591E030AA700B03721 /* Main.storyboard */ = {
			isa = PBXVariantGroup;
			children = (
				39B0C55A1E030AA700B03721 /* Base */,
			);
			name = Main.storyboard;
			sourceTree = "<group>";
		};
		39B0C55E1E030AA700B03721 /* LaunchScreen.storyboard */ = {
			isa = PBXVariantGroup;
			children = (
				39B0C55F1E030AA700B03721 /* Base */,
			);
			name = LaunchScreen.storyboard;
			sourceTree = "<group>";
		};
/* End PBXVariantGroup section */

/* Begin XCBuildConfiguration section */
		39B0C5621E030AA700B03721 /* Debug */ = {
			isa = XCBuildConfiguration;
			buildSettings = {
				ALWAYS_SEARCH_USER_PATHS = NO;
				CLANG_ANALYZER_NONNULL = YES;
				CLANG_CXX_LANGUAGE_STANDARD = "gnu++0x";
				CLANG_CXX_LIBRARY = "libc++";
				CLANG_ENABLE_MODULES = YES;
				CLANG_ENABLE_OBJC_ARC = YES;
				CLANG_WARN_BOOL_CONVERSION = YES;
				CLANG_WARN_CONSTANT_CONVERSION = YES;
				CLANG_WARN_DIRECT_OBJC_ISA_USAGE = YES_ERROR;
				CLANG_WARN_DOCUMENTATION_COMMENTS = YES;
				CLANG_WARN_EMPTY_BODY = YES;
				CLANG_WARN_ENUM_CONVERSION = YES;
				CLANG_WARN_INFINITE_RECURSION = YES;
				CLANG_WARN_INT_CONVERSION = YES;
				CLANG_WARN_OBJC_ROOT_CLASS = YES_ERROR;
				CLANG_WARN_SUSPICIOUS_MOVES = YES;
				CLANG_WARN_UNREACHABLE_CODE = YES;
				CLANG_WARN__DUPLICATE_METHOD_MATCH = YES;
				"CODE_SIGN_IDENTITY[sdk=iphoneos*]" = "iPhone Developer";
				COPY_PHASE_STRIP = NO;
				DEBUG_INFORMATION_FORMAT = dwarf;
				ENABLE_STRICT_OBJC_MSGSEND = YES;
				ENABLE_TESTABILITY = YES;
				GCC_C_LANGUAGE_STANDARD = gnu99;
				GCC_DYNAMIC_NO_PIC = NO;
				GCC_NO_COMMON_BLOCKS = YES;
				GCC_OPTIMIZATION_LEVEL = 0;
				GCC_PREPROCESSOR_DEFINITIONS = (
					"DEBUG=1",
					"$(inherited)",
				);
				GCC_WARN_64_TO_32_BIT_CONVERSION = YES;
				GCC_WARN_ABOUT_RETURN_TYPE = YES_ERROR;
				GCC_WARN_UNDECLARED_SELECTOR = YES;
				GCC_WARN_UNINITIALIZED_AUTOS = YES_AGGRESSIVE;
				GCC_WARN_UNUSED_FUNCTION = YES;
				GCC_WARN_UNUSED_VARIABLE = YES;
				IPHONEOS_DEPLOYMENT_TARGET = 10.1;
				MTL_ENABLE_DEBUG_INFO = YES;
				ONLY_ACTIVE_ARCH = YES;
				SDKROOT = iphoneos;
				SWIFT_ACTIVE_COMPILATION_CONDITIONS = DEBUG;
				SWIFT_OPTIMIZATION_LEVEL = "-Onone";
			};
			name = Debug;
		};
		39B0C5631E030AA700B03721 /* Release */ = {
			isa = XCBuildConfiguration;
			buildSettings = {
				ALWAYS_SEARCH_USER_PATHS = NO;
				CLANG_ANALYZER_NONNULL = YES;
				CLANG_CXX_LANGUAGE_STANDARD = "gnu++0x";
				CLANG_CXX_LIBRARY = "libc++";
				CLANG_ENABLE_MODULES = YES;
				CLANG_ENABLE_OBJC_ARC = YES;
				CLANG_WARN_BOOL_CONVERSION = YES;
				CLANG_WARN_CONSTANT_CONVERSION = YES;
				CLANG_WARN_DIRECT_OBJC_ISA_USAGE = YES_ERROR;
				CLANG_WARN_DOCUMENTATION_COMMENTS = YES;
				CLANG_WARN_EMPTY_BODY = YES;
				CLANG_WARN_ENUM_CONVERSION = YES;
				CLANG_WARN_INFINITE_RECURSION = YES;
				CLANG_WARN_INT_CONVERSION = YES;
				CLANG_WARN_OBJC_ROOT_CLASS = YES_ERROR;
				CLANG_WARN_SUSPICIOUS_MOVES = YES;
				CLANG_WARN_UNREACHABLE_CODE = YES;
				CLANG_WARN__DUPLICATE_METHOD_MATCH = YES;
				"CODE_SIGN_IDENTITY[sdk=iphoneos*]" = "iPhone Developer";
				COPY_PHASE_STRIP = NO;
				DEBUG_INFORMATION_FORMAT = "dwarf-with-dsym";
				ENABLE_NS_ASSERTIONS = NO;
				ENABLE_STRICT_OBJC_MSGSEND = YES;
				GCC_C_LANGUAGE_STANDARD = gnu99;
				GCC_NO_COMMON_BLOCKS = YES;
				GCC_WARN_64_TO_32_BIT_CONVERSION = YES;
				GCC_WARN_ABOUT_RETURN_TYPE = YES_ERROR;
				GCC_WARN_UNDECLARED_SELECTOR = YES;
				GCC_WARN_UNINITIALIZED_AUTOS = YES_AGGRESSIVE;
				GCC_WARN_UNUSED_FUNCTION = YES;
				GCC_WARN_UNUSED_VARIABLE = YES;
				IPHONEOS_DEPLOYMENT_TARGET = 10.1;
				MTL_ENABLE_DEBUG_INFO = NO;
				SDKROOT = iphoneos;
				SWIFT_OPTIMIZATION_LEVEL = "-Owholemodule";
				VALIDATE_PRODUCT = YES;
			};
			name = Release;
		};
		39B0C5651E030AA700B03721 /* Debug */ = {
			isa = XCBuildConfiguration;
			baseConfigurationReference = 6080ED9BC96E031A52F0F39A /* Pods-SimpleExampleSwift.debug.xcconfig */;
			buildSettings = {
				ALWAYS_SEARCH_USER_PATHS = NO;
				ASSETCATALOG_COMPILER_APPICON_NAME = AppIcon;
				DEVELOPMENT_TEAM = A3JF9L8K5Q;
				FRAMEWORK_SEARCH_PATHS = (
					"$(inherited)",
					"\"${PODS_ROOT}/../../../KocomojoSDK\"",
					"$(SRCROOT)/**",
				);
				INFOPLIST_FILE = SimpleExampleSwift/Info.plist;
				LD_RUNPATH_SEARCH_PATHS = "$(inherited) @executable_path/Frameworks";
				PRODUCT_BUNDLE_IDENTIFIER = com.kocomojo.SimpleExampleSwift;
				PRODUCT_NAME = "$(TARGET_NAME)";
				SWIFT_VERSION = 3.0;
			};
			name = Debug;
		};
		39B0C5661E030AA700B03721 /* Release */ = {
			isa = XCBuildConfiguration;
			baseConfigurationReference = D19F494C6E51E1B4D23FBFCA /* Pods-SimpleExampleSwift.release.xcconfig */;
			buildSettings = {
				ALWAYS_SEARCH_USER_PATHS = NO;
				ASSETCATALOG_COMPILER_APPICON_NAME = AppIcon;
				DEVELOPMENT_TEAM = A3JF9L8K5Q;
				FRAMEWORK_SEARCH_PATHS = (
					"$(inherited)",
					"\"${PODS_ROOT}/../../../KocomojoSDK\"",
					"$(SRCROOT)/**",
				);
				INFOPLIST_FILE = SimpleExampleSwift/Info.plist;
				LD_RUNPATH_SEARCH_PATHS = "$(inherited) @executable_path/Frameworks";
				PRODUCT_BUNDLE_IDENTIFIER = com.kocomojo.SimpleExampleSwift;
				PRODUCT_NAME = "$(TARGET_NAME)";
				SWIFT_VERSION = 3.0;
			};
			name = Release;
		};
/* End XCBuildConfiguration section */

/* Begin XCConfigurationList section */
		39B0C54D1E030AA700B03721 /* Build configuration list for PBXProject "SimpleExampleSwift" */ = {
			isa = XCConfigurationList;
			buildConfigurations = (
				39B0C5621E030AA700B03721 /* Debug */,
				39B0C5631E030AA700B03721 /* Release */,
			);
			defaultConfigurationIsVisible = 0;
			defaultConfigurationName = Release;
		};
		39B0C5641E030AA700B03721 /* Build configuration list for PBXNativeTarget "SimpleExampleSwift" */ = {
			isa = XCConfigurationList;
			buildConfigurations = (
				39B0C5651E030AA700B03721 /* Debug */,
				39B0C5661E030AA700B03721 /* Release */,
			);
			defaultConfigurationIsVisible = 0;
			defaultConfigurationName = Release;
		};
/* End XCConfigurationList section */
	};
	rootObject = 39B0C54A1E030AA700B03721 /* Project object */;
}
